
Microsoft Visual Studio Solution File, Format Version 12.00
# Visual Studio Version 17
VisualStudioVersion = 17.11.35312.102
MinimumVisualStudioVersion = 10.0.40219.1
Project("{FAE04EC0-301F-11D3-BF4B-00C04F79EFBC}") = "Fall2024-Assignment2-eschwalbach", "Fall2024-Assignment2-eschwalbach.csproj", "{703C3B98-A9BB-49BE-BC4C-4411D6048CDD}"
EndProject
Global
	GlobalSection(SolutionConfigurationPlatforms) = preSolution
		Debug|Any CPU = Debug|Any CPU
		Release|Any CPU = Release|Any CPU
	EndGlobalSection
	GlobalSection(ProjectConfigurationPlatforms) = postSolution
		{703C3B98-A9BB-49BE-BC4C-4411D6048CDD}.Debug|Any CPU.ActiveCfg = Debug|Any CPU
		{703C3B98-A9BB-49BE-BC4C-4411D6048CDD}.Debug|Any CPU.Build.0 = Debug|Any CPU
		{703C3B98-A9BB-49BE-BC4C-4411D6048CDD}.Release|Any CPU.ActiveCfg = Release|Any CPU
		{703C3B98-A9BB-49BE-BC4C-4411D6048CDD}.Release|Any CPU.Build.0 = Release|Any CPU
	EndGlobalSection
	GlobalSection(SolutionProperties) = preSolution
		HideSolutionNode = FALSE
	EndGlobalSection
	GlobalSection(ExtensibilityGlobals) = postSolution
		SolutionGuid = {1EF1D022-7512-4789-BFF2-B19212975DB3}
	EndGlobalSection
EndGlobal
